
Microsoft Visual Studio Solution File, Format Version 12.00
# Visual Studio Version 16
VisualStudioVersion = 16.0.30523.141
MinimumVisualStudioVersion = 10.0.40219.1
Project("{FAE04EC0-301F-11D3-BF4B-00C04F79EFBC}") = "Lab1", "Lab1\Lab1.csproj", "{50DA5692-D66F-41AA-ABDB-06A6B3FF2378}"
EndProject
Global
	GlobalSection(SolutionConfigurationPlatforms) = preSolution
		Debug|Any CPU = Debug|Any CPU
		Release|Any CPU = Release|Any CPU
	EndGlobalSection
	GlobalSection(ProjectConfigurationPlatforms) = postSolution
		{50DA5692-D66F-41AA-ABDB-06A6B3FF2378}.Debug|Any CPU.ActiveCfg = Debug|Any CPU
		{50DA5692-D66F-41AA-ABDB-06A6B3FF2378}.Debug|Any CPU.Build.0 = Debug|Any CPU
		{50DA5692-D66F-41AA-ABDB-06A6B3FF2378}.Release|Any CPU.ActiveCfg = Release|Any CPU
		{50DA5692-D66F-41AA-ABDB-06A6B3FF2378}.Release|Any CPU.Build.0 = Release|Any CPU
	EndGlobalSection
	GlobalSection(SolutionProperties) = preSolution
		HideSolutionNode = FALSE
	EndGlobalSection
	GlobalSection(ExtensibilityGlobals) = postSolution
		SolutionGuid = {4B04D116-E8FE-4667-9DFC-3173095B8B60}
	EndGlobalSection
EndGlobal
